PODS:
  - FMDB (2.7.5):
    - FMDB/standard (= 2.7.5)
  - FMDB/standard (2.7.5)

DEPENDENCIES:
  - FMDB

SPEC REPOS:
  https://github.com/cocoapods/specs.git:
    - FMDB

SPEC CHECKSUMS:
  FMDB: 2ce00b547f966261cd18927a3ddb07cb6f3db82a

PODFILE CHECKSUM: 5eac16f53a9f4eb8f5a1fbf96a6db17c0e5cb226

COCOAPODS: 1.5.3
