// !$*UTF8*$!
{
	archiveVersion = 1;
	classes = {
	};
	objectVersion = 50;
	objects = {

/* Begin PBXBuildFile section */
		0B0EC664FC22D3961C87A06B /* libPods-LK_SQLite.a in Frameworks */ = {isa = PBXBuildFile; fileRef = 25EFB6F5DB1F29E322318518 /* libPods-LK_SQLite.a */; };
		BE43BE702293A6B200C1C927 /* AppDelegate.m in Sources */ = {isa = PBXBuildFile; fileRef = BE43BE6F2293A6B200C1C927 /* AppDelegate.m */; };
		BE43BE732293A6B200C1C927 /* ViewController.m in Sources */ = {isa = PBXBuildFile; fileRef = BE43BE722293A6B200C1C927 /* ViewController.m */; };
		BE43BE762293A6B200C1C927 /* Main.storyboard in Resources */ = {isa = PBXBuildFile; fileRef = BE43BE742293A6B200C1C927 /* Main.storyboard */; };
		BE43BE782293A6B400C1C927 /* Assets.xcassets in Resources */ = {isa = PBXBuildFile; fileRef = BE43BE772293A6B400C1C927 /* Assets.xcassets */; };
		BE43BE7B2293A6B400C1C927 /* LaunchScreen.storyboard in Resources */ = {isa = PBXBuildFile; fileRef = BE43BE792293A6B400C1C927 /* LaunchScreen.storyboard */; };
		BE43BE7E2293A6B400C1C927 /* main.m in Sources */ = {isa = PBXBuildFile; fileRef = BE43BE7D2293A6B400C1C927 /* main.m */; };
/* End PBXBuildFile section */

/* Begin PBXFileReference section */
		25EFB6F5DB1F29E322318518 /* libPods-LK_SQLite.a */ = {isa = PBXFileReference; explicitFileType = archive.ar; includeInIndex = 0; path = "libPods-LK_SQLite.a"; sourceTree = BUILT_PRODUCTS_DIR; };
		2C31E1FA781DCA1B1E9B6E9F /* Pods-LK_SQLite.release.xcconfig */ = {isa = PBXFileReference; includeInIndex = 1; lastKnownFileType = text.xcconfig; name = "Pods-LK_SQLite.release.xcconfig"; path = "Pods/Target Support Files/Pods-LK_SQLite/Pods-LK_SQLite.release.xcconfig"; sourceTree = "<group>"; };
		496EA08157F9DAF805D217D8 /* Pods-LK_SQLite.debug.xcconfig */ = {isa = PBXFileReference; includeInIndex = 1; lastKnownFileType = text.xcconfig; name = "Pods-LK_SQLite.debug.xcconfig"; path = "Pods/Target Support Files/Pods-LK_SQLite/Pods-LK_SQLite.debug.xcconfig"; sourceTree = "<group>"; };
		BE43BE6B2293A6B200C1C927 /* LK_SQLite.app */ = {isa = PBXFileReference; explicitFileType = wrapper.application; includeInIndex = 0; path = LK_SQLite.app; sourceTree = BUILT_PRODUCTS_DIR; };
		BE43BE6E2293A6B200C1C927 /* AppDelegate.h */ = {isa = PBXFileReference; lastKnownFileType = sourcecode.c.h; path = AppDelegate.h; sourceTree = "<group>"; };
		BE43BE6F2293A6B200C1C927 /* AppDelegate.m */ = {isa = PBXFileReference; lastKnownFileType = sourcecode.c.objc; path = AppDelegate.m; sourceTree = "<group>"; };
		BE43BE712293A6B200C1C927 /* ViewController.h */ = {isa = PBXFileReference; lastKnownFileType = sourcecode.c.h; path = ViewController.h; sourceTree = "<group>"; };
		BE43BE722293A6B200C1C927 /* ViewController.m */ = {isa = PBXFileReference; lastKnownFileType = sourcecode.c.objc; path = ViewController.m; sourceTree = "<group>"; };
		BE43BE752293A6B200C1C927 /* Base */ = {isa = PBXFileReference; lastKnownFileType = file.storyboard; name = Base; path = Base.lproj/Main.storyboard; sourceTree = "<group>"; };
		BE43BE772293A6B400C1C927 /* Assets.xcassets */ = {isa = PBXFileReference; lastKnownFileType = folder.assetcatalog; path = Assets.xcassets; sourceTree = "<group>"; };
		BE43BE7A2293A6B400C1C927 /* Base */ = {isa = PBXFileReference; lastKnownFileType = file.storyboard; name = Base; path = Base.lproj/LaunchScreen.storyboard; sourceTree = "<group>"; };
		BE43BE7C2293A6B400C1C927 /* Info.plist */ = {isa = PBXFileReference; lastKnownFileType = text.plist.xml; path = Info.plist; sourceTree = "<group>"; };
		BE43BE7D2293A6B400C1C927 /* main.m */ = {isa = PBXFileReference; lastKnownFileType = sourcecode.c.objc; path = main.m; sourceTree = "<group>"; };
		BE43BE852293A72200C1C927 /* libsqlite3.0.tbd */ = {isa = PBXFileReference; lastKnownFileType = "sourcecode.text-based-dylib-definition"; name = libsqlite3.0.tbd; path = usr/lib/libsqlite3.0.tbd; sourceTree = SDKROOT; };
		BE43BE8D22940F1D00C1C927 /* libsqlite3.tbd */ = {isa = PBXFileReference; lastKnownFileType = "sourcecode.text-based-dylib-definition"; name = libsqlite3.tbd; path = usr/lib/libsqlite3.tbd; sourceTree = SDKROOT; };
/* End PBXFileReference section */

/* Begin PBXFrameworksBuildPhase section */
		BE43BE682293A6B200C1C927 /* Frameworks */ = {
			isa = PBXFrameworksBuildPhase;
			buildActionMask = 2147483647;
			files = (
				0B0EC664FC22D3961C87A06B /* libPods-LK_SQLite.a in Frameworks */,
			);
			runOnlyForDeploymentPostprocessing = 0;
		};
/* End PBXFrameworksBuildPhase section */

/* Begin PBXGroup section */
		207ECDCBD16E295D15EA2B2B /* Pods */ = {
			isa = PBXGroup;
			children = (
				496EA08157F9DAF805D217D8 /* Pods-LK_SQLite.debug.xcconfig */,
				2C31E1FA781DCA1B1E9B6E9F /* Pods-LK_SQLite.release.xcconfig */,
			);
			name = Pods;
			sourceTree = "<group>";
		};
		BE43BE622293A6B200C1C927 = {
			isa = PBXGroup;
			children = (
				BE43BE6D2293A6B200C1C927 /* LK_SQLite */,
				BE43BE6C2293A6B200C1C927 /* Products */,
				BE43BE842293A72200C1C927 /* Frameworks */,
				207ECDCBD16E295D15EA2B2B /* Pods */,
			);
			sourceTree = "<group>";
		};
		BE43BE6C2293A6B200C1C927 /* Products */ = {
			isa = PBXGroup;
			children = (
				BE43BE6B2293A6B200C1C927 /* LK_SQLite.app */,
			);
			name = Products;
			sourceTree = "<group>";
		};
		BE43BE6D2293A6B200C1C927 /* LK_SQLite */ = {
			isa = PBXGroup;
			children = (
				BE43BE6E2293A6B200C1C927 /* AppDelegate.h */,
				BE43BE6F2293A6B200C1C927 /* AppDelegate.m */,
				BE43BE712293A6B200C1C927 /* ViewController.h */,
				BE43BE722293A6B200C1C927 /* ViewController.m */,
				BE43BE742293A6B200C1C927 /* Main.storyboard */,
				BE43BE772293A6B400C1C927 /* Assets.xcassets */,
				BE43BE792293A6B400C1C927 /* LaunchScreen.storyboard */,
				BE43BE7C2293A6B400C1C927 /* Info.plist */,
				BE43BE7D2293A6B400C1C927 /* main.m */,
			);
			path = LK_SQLite;
			sourceTree = "<group>";
		};
		BE43BE842293A72200C1C927 /* Frameworks */ = {
			isa = PBXGroup;
			children = (
				BE43BE8D22940F1D00C1C927 /* libsqlite3.tbd */,
				BE43BE852293A72200C1C927 /* libsqlite3.0.tbd */,
				25EFB6F5DB1F29E322318518 /* libPods-LK_SQLite.a */,
			);
			name = Frameworks;
			sourceTree = "<group>";
		};
/* End PBXGroup section */

/* Begin PBXNativeTarget section */
		BE43BE6A2293A6B200C1C927 /* LK_SQLite */ = {
			isa = PBXNativeTarget;
			buildConfigurationList = BE43BE812293A6B400C1C927 /* Build configuration list for PBXNativeTarget "LK_SQLite" */;
			buildPhases = (
				27EA50A0B3D4A14026584168 /* [CP] Check Pods Manifest.lock */,
				BE43BE672293A6B200C1C927 /* Sources */,
				BE43BE682293A6B200C1C927 /* Frameworks */,
				BE43BE692293A6B200C1C927 /* Resources */,
			);
			buildRules = (
			);
			dependencies = (
			);
			name = LK_SQLite;
			productName = LK_SQLite;
			productReference = BE43BE6B2293A6B200C1C927 /* LK_SQLite.app */;
			productType = "com.apple.product-type.application";
		};
/* End PBXNativeTarget section */

/* Begin PBXProject section */
		BE43BE632293A6B200C1C927 /* Project object */ = {
			isa = PBXProject;
			attributes = {
				LastUpgradeCheck = 1020;
				ORGANIZATIONNAME = LK;
				TargetAttributes = {
					BE43BE6A2293A6B200C1C927 = {
						CreatedOnToolsVersion = 10.2;
					};
				};
			};
			buildConfigurationList = BE43BE662293A6B200C1C927 /* Build configuration list for PBXProject "LK_SQLite" */;
			compatibilityVersion = "Xcode 9.3";
			developmentRegion = en;
			hasScannedForEncodings = 0;
			knownRegions = (
				en,
				Base,
			);
			mainGroup = BE43BE622293A6B200C1C927;
			productRefGroup = BE43BE6C2293A6B200C1C927 /* Products */;
			projectDirPath = "";
			projectRoot = "";
			targets = (
				BE43BE6A2293A6B200C1C927 /* LK_SQLite */,
			);
		};
/* End PBXProject section */

/* Begin PBXResourcesBuildPhase section */
		BE43BE692293A6B200C1C927 /* Resources */ = {
			isa = PBXResourcesBuildPhase;
			buildActionMask = 2147483647;
			files = (
				BE43BE7B2293A6B400C1C927 /* LaunchScreen.storyboard in Resources */,
				BE43BE782293A6B400C1C927 /* Assets.xcassets in Resources */,
				BE43BE762293A6B200C1C927 /* Main.storyboard in Resources */,
			);
			runOnlyForDeploymentPostprocessing = 0;
		};
/* End PBXResourcesBuildPhase section */

/* Begin PBXShellScriptBuildPhase section */
		27EA50A0B3D4A14026584168 /* [CP] Check Pods Manifest.lock */ = {
			isa = PBXShellScriptBuildPhase;
			buildActionMask = 2147483647;
			files = (
			);
			inputPaths = (
				"${PODS_PODFILE_DIR_PATH}/Podfile.lock",
				"${PODS_ROOT}/Manifest.lock",
			);
			name = "[CP] Check Pods Manifest.lock";
			outputPaths = (
				"$(DERIVED_FILE_DIR)/Pods-LK_SQLite-checkManifestLockResult.txt",
			);
			runOnlyForDeploymentPostprocessing = 0;
			shellPath = /bin/sh;
			shellScript = "diff \"${PODS_PODFILE_DIR_PATH}/Podfile.lock\" \"${PODS_ROOT}/Manifest.lock\" > /dev/null\nif [ $? != 0 ] ; then\n    # print error to STDERR\n    echo \"error: The sandbox is not in sync with the Podfile.lock. Run 'pod install' or update your CocoaPods installation.\" >&2\n    exit 1\nfi\n# This output is used by Xcode 'outputs' to avoid re-running this script phase.\necho \"SUCCESS\" > \"${SCRIPT_OUTPUT_FILE_0}\"\n";
			showEnvVarsInLog = 0;
		};
/* End PBXShellScriptBuildPhase section */

/* Begin PBXSourcesBuildPhase section */
		BE43BE672293A6B200C1C927 /* Sources */ = {
			isa = PBXSourcesBuildPhase;
			buildActionMask = 2147483647;
			files = (
				BE43BE732293A6B200C1C927 /* ViewController.m in Sources */,
				BE43BE7E2293A6B400C1C927 /* main.m in Sources */,
				BE43BE702293A6B200C1C927 /* AppDelegate.m in Sources */,
			);
			runOnlyForDeploymentPostprocessing = 0;
		};
/* End PBXSourcesBuildPhase section */

/* Begin PBXVariantGroup section */
		BE43BE742293A6B200C1C927 /* Main.storyboard */ = {
			isa = PBXVariantGroup;
			children = (
				BE43BE752293A6B200C1C927 /* Base */,
			);
			name = Main.storyboard;
			sourceTree = "<group>";
		};
		BE43BE792293A6B400C1C927 /* LaunchScreen.storyboard */ = {
			isa = PBXVariantGroup;
			children = (
				BE43BE7A2293A6B400C1C927 /* Base */,
			);
			name = LaunchScreen.storyboard;
			sourceTree = "<group>";
		};
/* End PBXVariantGroup section */

/* Begin XCBuildConfiguration section */
		BE43BE7F2293A6B400C1C927 /* Debug */ = {
			isa = XCBuildConfiguration;
			buildSettings = {
				ALWAYS_SEARCH_USER_PATHS = NO;
				CLANG_ANALYZER_NONNULL = YES;
				CLANG_ANALYZER_NUMBER_OBJECT_CONVERSION = YES_AGGRESSIVE;
				CLANG_CXX_LANGUAGE_STANDARD = "gnu++14";
				CLANG_CXX_LIBRARY = "libc++";
				CLANG_ENABLE_MODULES = YES;
				CLANG_ENABLE_OBJC_ARC = YES;
				CLANG_ENABLE_OBJC_WEAK = YES;
				CLANG_WARN_BLOCK_CAPTURE_AUTORELEASING = YES;
				CLANG_WARN_BOOL_CONVERSION = YES;
				CLANG_WARN_COMMA = YES;
				CLANG_WARN_CONSTANT_CONVERSION = YES;
				CLANG_WARN_DEPRECATED_OBJC_IMPLEMENTATIONS = YES;
				CLANG_WARN_DIRECT_OBJC_ISA_USAGE = YES_ERROR;
				CLANG_WARN_DOCUMENTATION_COMMENTS = YES;
				CLANG_WARN_EMPTY_BODY = YES;
				CLANG_WARN_ENUM_CONVERSION = YES;
				CLANG_WARN_INFINITE_RECURSION = YES;
				CLANG_WARN_INT_CONVERSION = YES;
				CLANG_WARN_NON_LITERAL_NULL_CONVERSION = YES;
				CLANG_WARN_OBJC_IMPLICIT_RETAIN_SELF = YES;
				CLANG_WARN_OBJC_LITERAL_CONVERSION = YES;
				CLANG_WARN_OBJC_ROOT_CLASS = YES_ERROR;
				CLANG_WARN_RANGE_LOOP_ANALYSIS = YES;
				CLANG_WARN_STRICT_PROTOTYPES = YES;
				CLANG_WARN_SUSPICIOUS_MOVE = YES;
				CLANG_WARN_UNGUARDED_AVAILABILITY = YES_AGGRESSIVE;
				CLANG_WARN_UNREACHABLE_CODE = YES;
				CLANG_WARN__DUPLICATE_METHOD_MATCH = YES;
				CODE_SIGN_IDENTITY = "iPhone Developer";
				COPY_PHASE_STRIP = NO;
				DEBUG_INFORMATION_FORMAT = dwarf;
				ENABLE_STRICT_OBJC_MSGSEND = YES;
				ENABLE_TESTABILITY = YES;
				GCC_C_LANGUAGE_STANDARD = gnu11;
				GCC_DYNAMIC_NO_PIC = NO;
				GCC_NO_COMMON_BLOCKS = YES;
				GCC_OPTIMIZATION_LEVEL = 0;
				GCC_PREPROCESSOR_DEFINITIONS = (
					"DEBUG=1",
					"$(inherited)",
				);
				GCC_WARN_64_TO_32_BIT_CONVERSION = YES;
				GCC_WARN_ABOUT_RETURN_TYPE = YES_ERROR;
				GCC_WARN_UNDECLARED_SELECTOR = YES;
				GCC_WARN_UNINITIALIZED_AUTOS = YES_AGGRESSIVE;
				GCC_WARN_UNUSED_FUNCTION = YES;
				GCC_WARN_UNUSED_VARIABLE = YES;
				IPHONEOS_DEPLOYMENT_TARGET = 12.2;
				MTL_ENABLE_DEBUG_INFO = INCLUDE_SOURCE;
				MTL_FAST_MATH = YES;
				ONLY_ACTIVE_ARCH = YES;
				SDKROOT = iphoneos;
			};
			name = Debug;
		};
		BE43BE802293A6B400C1C927 /* Release */ = {
			isa = XCBuildConfiguration;
			buildSettings = {
				ALWAYS_SEARCH_USER_PATHS = NO;
				CLANG_ANALYZER_NONNULL = YES;
				CLANG_ANALYZER_NUMBER_OBJECT_CONVERSION = YES_AGGRESSIVE;
				CLANG_CXX_LANGUAGE_STANDARD = "gnu++14";
				CLANG_CXX_LIBRARY = "libc++";
				CLANG_ENABLE_MODULES = YES;
				CLANG_ENABLE_OBJC_ARC = YES;
				CLANG_ENABLE_OBJC_WEAK = YES;
				CLANG_WARN_BLOCK_CAPTURE_AUTORELEASING = YES;
				CLANG_WARN_BOOL_CONVERSION = YES;
				CLANG_WARN_COMMA = YES;
				CLANG_WARN_CONSTANT_CONVERSION = YES;
				CLANG_WARN_DEPRECATED_OBJC_IMPLEMENTATIONS = YES;
				CLANG_WARN_DIRECT_OBJC_ISA_USAGE = YES_ERROR;
				CLANG_WARN_DOCUMENTATION_COMMENTS = YES;
				CLANG_WARN_EMPTY_BODY = YES;
				CLANG_WARN_ENUM_CONVERSION = YES;
				CLANG_WARN_INFINITE_RECURSION = YES;
				CLANG_WARN_INT_CONVERSION = YES;
				CLANG_WARN_NON_LITERAL_NULL_CONVERSION = YES;
				CLANG_WARN_OBJC_IMPLICIT_RETAIN_SELF = YES;
				CLANG_WARN_OBJC_LITERAL_CONVERSION = YES;
				CLANG_WARN_OBJC_ROOT_CLASS = YES_ERROR;
				CLANG_WARN_RANGE_LOOP_ANALYSIS = YES;
				CLANG_WARN_STRICT_PROTOTYPES = YES;
				CLANG_WARN_SUSPICIOUS_MOVE = YES;
				CLANG_WARN_UNGUARDED_AVAILABILITY = YES_AGGRESSIVE;
				CLANG_WARN_UNREACHABLE_CODE = YES;
				CLANG_WARN__DUPLICATE_METHOD_MATCH = YES;
				CODE_SIGN_IDENTITY = "iPhone Developer";
				COPY_PHASE_STRIP = NO;
				DEBUG_INFORMATION_FORMAT = "dwarf-with-dsym";
				ENABLE_NS_ASSERTIONS = NO;
				ENABLE_STRICT_OBJC_MSGSEND = YES;
				GCC_C_LANGUAGE_STANDARD = gnu11;
				GCC_NO_COMMON_BLOCKS = YES;
				GCC_WARN_64_TO_32_BIT_CONVERSION = YES;
				GCC_WARN_ABOUT_RETURN_TYPE = YES_ERROR;
				GCC_WARN_UNDECLARED_SELECTOR = YES;
				GCC_WARN_UNINITIALIZED_AUTOS = YES_AGGRESSIVE;
				GCC_WARN_UNUSED_FUNCTION = YES;
				GCC_WARN_UNUSED_VARIABLE = YES;
				IPHONEOS_DEPLOYMENT_TARGET = 12.2;
				MTL_ENABLE_DEBUG_INFO = NO;
				MTL_FAST_MATH = YES;
				SDKROOT = iphoneos;
				VALIDATE_PRODUCT = YES;
			};
			name = Release;
		};
		BE43BE822293A6B400C1C927 /* Debug */ = {
			isa = XCBuildConfiguration;
			baseConfigurationReference = 496EA08157F9DAF805D217D8 /* Pods-LK_SQLite.debug.xcconfig */;
			buildSettings = {
				ASSETCATALOG_COMPILER_APPICON_NAME = AppIcon;
				CODE_SIGN_STYLE = Automatic;
				DEVELOPMENT_TEAM = 42437HMQM5;
				INFOPLIST_FILE = LK_SQLite/Info.plist;
				IPHONEOS_DEPLOYMENT_TARGET = 10.0;
				LD_RUNPATH_SEARCH_PATHS = (
					"$(inherited)",
					"@executable_path/Frameworks",
				);
				PRODUCT_BUNDLE_IDENTIFIER = "com.test.LK-SQLite";
				PRODUCT_NAME = "$(TARGET_NAME)";
				TARGETED_DEVICE_FAMILY = "1,2";
			};
			name = Debug;
		};
		BE43BE832293A6B400C1C927 /* Release */ = {
			isa = XCBuildConfiguration;
			baseConfigurationReference = 2C31E1FA781DCA1B1E9B6E9F /* Pods-LK_SQLite.release.xcconfig */;
			buildSettings = {
				ASSETCATALOG_COMPILER_APPICON_NAME = AppIcon;
				CODE_SIGN_STYLE = Automatic;
				DEVELOPMENT_TEAM = 42437HMQM5;
				INFOPLIST_FILE = LK_SQLite/Info.plist;
				IPHONEOS_DEPLOYMENT_TARGET = 10.0;
				LD_RUNPATH_SEARCH_PATHS = (
					"$(inherited)",
					"@executable_path/Frameworks",
				);
				PRODUCT_BUNDLE_IDENTIFIER = "com.test.LK-SQLite";
				PRODUCT_NAME = "$(TARGET_NAME)";
				TARGETED_DEVICE_FAMILY = "1,2";
			};
			name = Release;
		};
/* End XCBuildConfiguration section */

/* Begin XCConfigurationList section */
		BE43BE662293A6B200C1C927 /* Build configuration list for PBXProject "LK_SQLite" */ = {
			isa = XCConfigurationList;
			buildConfigurations = (
				BE43BE7F2293A6B400C1C927 /* Debug */,
				BE43BE802293A6B400C1C927 /* Release */,
			);
			defaultConfigurationIsVisible = 0;
			defaultConfigurationName = Release;
		};
		BE43BE812293A6B400C1C927 /* Build configuration list for PBXNativeTarget "LK_SQLite" */ = {
			isa = XCConfigurationList;
			buildConfigurations = (
				BE43BE822293A6B400C1C927 /* Debug */,
				BE43BE832293A6B400C1C927 /* Release */,
			);
			defaultConfigurationIsVisible = 0;
			defaultConfigurationName = Release;
		};
/* End XCConfigurationList section */
	};
	rootObject = BE43BE632293A6B200C1C927 /* Project object */;
}
